
Microsoft Visual Studio Solution File, Format Version 12.00
# Visual Studio 15
VisualStudioVersion = 15.0.26124.0
MinimumVisualStudioVersion = 15.0.26124.0
Project("{FAE04EC0-301F-11D3-BF4B-00C04F79EFBC}") = "RestaurantEF", "RestaurantEF\RestaurantEF.csproj", "{8E1324AB-A6F4-4C11-9CBE-6A95C2F3EDC8}"
EndProject
Project("{FAE04EC0-301F-11D3-BF4B-00C04F79EFBC}") = "RestaurantEF.Data", "RestaurantEF.Data\RestaurantEF.Data.csproj", "{D5109B93-13B5-42A0-BA33-5787B2C7E66E}"
EndProject
Global
	GlobalSection(SolutionConfigurationPlatforms) = preSolution
		Debug|Any CPU = Debug|Any CPU
		Debug|x64 = Debug|x64
		Debug|x86 = Debug|x86
		Release|Any CPU = Release|Any CPU
		Release|x64 = Release|x64
		Release|x86 = Release|x86
	EndGlobalSection
	GlobalSection(SolutionProperties) = preSolution
		HideSolutionNode = FALSE
	EndGlobalSection
	GlobalSection(ProjectConfigurationPlatforms) = postSolution
		{8E1324AB-A6F4-4C11-9CBE-6A95C2F3EDC8}.Debug|Any CPU.ActiveCfg = Debug|Any CPU
		{8E1324AB-A6F4-4C11-9CBE-6A95C2F3EDC8}.Debug|Any CPU.Build.0 = Debug|Any CPU
		{8E1324AB-A6F4-4C11-9CBE-6A95C2F3EDC8}.Debug|x64.ActiveCfg = Debug|Any CPU
		{8E1324AB-A6F4-4C11-9CBE-6A95C2F3EDC8}.Debug|x64.Build.0 = Debug|Any CPU
		{8E1324AB-A6F4-4C11-9CBE-6A95C2F3EDC8}.Debug|x86.ActiveCfg = Debug|Any CPU
		{8E1324AB-A6F4-4C11-9CBE-6A95C2F3EDC8}.Debug|x86.Build.0 = Debug|Any CPU
		{8E1324AB-A6F4-4C11-9CBE-6A95C2F3EDC8}.Release|Any CPU.ActiveCfg = Release|Any CPU
		{8E1324AB-A6F4-4C11-9CBE-6A95C2F3EDC8}.Release|Any CPU.Build.0 = Release|Any CPU
		{8E1324AB-A6F4-4C11-9CBE-6A95C2F3EDC8}.Release|x64.ActiveCfg = Release|Any CPU
		{8E1324AB-A6F4-4C11-9CBE-6A95C2F3EDC8}.Release|x64.Build.0 = Release|Any CPU
		{8E1324AB-A6F4-4C11-9CBE-6A95C2F3EDC8}.Release|x86.ActiveCfg = Release|Any CPU
		{8E1324AB-A6F4-4C11-9CBE-6A95C2F3EDC8}.Release|x86.Build.0 = Release|Any CPU
		{D5109B93-13B5-42A0-BA33-5787B2C7E66E}.Debug|Any CPU.ActiveCfg = Debug|Any CPU
		{D5109B93-13B5-42A0-BA33-5787B2C7E66E}.Debug|Any CPU.Build.0 = Debug|Any CPU
		{D5109B93-13B5-42A0-BA33-5787B2C7E66E}.Debug|x64.ActiveCfg = Debug|Any CPU
		{D5109B93-13B5-42A0-BA33-5787B2C7E66E}.Debug|x64.Build.0 = Debug|Any CPU
		{D5109B93-13B5-42A0-BA33-5787B2C7E66E}.Debug|x86.ActiveCfg = Debug|Any CPU
		{D5109B93-13B5-42A0-BA33-5787B2C7E66E}.Debug|x86.Build.0 = Debug|Any CPU
		{D5109B93-13B5-42A0-BA33-5787B2C7E66E}.Release|Any CPU.ActiveCfg = Release|Any CPU
		{D5109B93-13B5-42A0-BA33-5787B2C7E66E}.Release|Any CPU.Build.0 = Release|Any CPU
		{D5109B93-13B5-42A0-BA33-5787B2C7E66E}.Release|x64.ActiveCfg = Release|Any CPU
		{D5109B93-13B5-42A0-BA33-5787B2C7E66E}.Release|x64.Build.0 = Release|Any CPU
		{D5109B93-13B5-42A0-BA33-5787B2C7E66E}.Release|x86.ActiveCfg = Release|Any CPU
		{D5109B93-13B5-42A0-BA33-5787B2C7E66E}.Release|x86.Build.0 = Release|Any CPU
	EndGlobalSection
EndGlobal
